
Microsoft Visual Studio Solution File, Format Version 12.00
# Visual Studio Version 16
VisualStudioVersion = 16.0.29509.3
MinimumVisualStudioVersion = 10.0.40219.1
Project("{FAE04EC0-301F-11D3-BF4B-00C04F79EFBC}") = "ExampleAPI.Api.UserManager", "ExampleAPI.Api.UserManager\ExampleAPI.Api.UserManager.csproj", "{3C488319-2804-4E09-9901-C750B991CE7D}"
EndProject
Global
	GlobalSection(SolutionConfigurationPlatforms) = preSolution
		Debug|Any CPU = Debug|Any CPU
		Release|Any CPU = Release|Any CPU
	EndGlobalSection
	GlobalSection(ProjectConfigurationPlatforms) = postSolution
		{3C488319-2804-4E09-9901-C750B991CE7D}.Debug|Any CPU.ActiveCfg = Debug|Any CPU
		{3C488319-2804-4E09-9901-C750B991CE7D}.Debug|Any CPU.Build.0 = Debug|Any CPU
		{3C488319-2804-4E09-9901-C750B991CE7D}.Release|Any CPU.ActiveCfg = Release|Any CPU
		{3C488319-2804-4E09-9901-C750B991CE7D}.Release|Any CPU.Build.0 = Release|Any CPU
	EndGlobalSection
	GlobalSection(SolutionProperties) = preSolution
		HideSolutionNode = FALSE
	EndGlobalSection
	GlobalSection(ExtensibilityGlobals) = postSolution
		SolutionGuid = {2B9FD2CD-CD11-4450-82BD-9996FB82108E}
	EndGlobalSection
EndGlobal
